
Microsoft Visual Studio Solution File, Format Version 12.00
# Visual Studio Version 17
VisualStudioVersion = 17.11.35312.102
MinimumVisualStudioVersion = 10.0.40219.1
Project("{FAE04EC0-301F-11D3-BF4B-00C04F79EFBC}") = "Homework15", "Homework15\Homework15.csproj", "{40C4842B-1C77-4EEE-AAF3-8D15FC6666D0}"
EndProject
Global
	GlobalSection(SolutionConfigurationPlatforms) = preSolution
		Debug|Any CPU = Debug|Any CPU
		Release|Any CPU = Release|Any CPU
	EndGlobalSection
	GlobalSection(ProjectConfigurationPlatforms) = postSolution
		{40C4842B-1C77-4EEE-AAF3-8D15FC6666D0}.Debug|Any CPU.ActiveCfg = Debug|Any CPU
		{40C4842B-1C77-4EEE-AAF3-8D15FC6666D0}.Debug|Any CPU.Build.0 = Debug|Any CPU
		{40C4842B-1C77-4EEE-AAF3-8D15FC6666D0}.Release|Any CPU.ActiveCfg = Release|Any CPU
		{40C4842B-1C77-4EEE-AAF3-8D15FC6666D0}.Release|Any CPU.Build.0 = Release|Any CPU
	EndGlobalSection
	GlobalSection(SolutionProperties) = preSolution
		HideSolutionNode = FALSE
	EndGlobalSection
	GlobalSection(ExtensibilityGlobals) = postSolution
		SolutionGuid = {756A181B-3780-4FEC-AB42-04C63BD1C414}
	EndGlobalSection
EndGlobal
